
Microsoft Visual Studio Solution File, Format Version 12.00
# Visual Studio Version 17
VisualStudioVersion = 17.8.34330.188
MinimumVisualStudioVersion = 10.0.40219.1
Project("{FAE04EC0-301F-11D3-BF4B-00C04F79EFBC}") = "PetFoodStore", "PetFoodStore\PetFoodStore.csproj", "{415EF29A-DD7D-460E-B18F-EC9EA2002556}"
EndProject
Global
	GlobalSection(SolutionConfigurationPlatforms) = preSolution
		Debug|Any CPU = Debug|Any CPU
		Release|Any CPU = Release|Any CPU
	EndGlobalSection
	GlobalSection(ProjectConfigurationPlatforms) = postSolution
		{415EF29A-DD7D-460E-B18F-EC9EA2002556}.Debug|Any CPU.ActiveCfg = Debug|Any CPU
		{415EF29A-DD7D-460E-B18F-EC9EA2002556}.Debug|Any CPU.Build.0 = Debug|Any CPU
		{415EF29A-DD7D-460E-B18F-EC9EA2002556}.Release|Any CPU.ActiveCfg = Release|Any CPU
		{415EF29A-DD7D-460E-B18F-EC9EA2002556}.Release|Any CPU.Build.0 = Release|Any CPU
	EndGlobalSection
	GlobalSection(SolutionProperties) = preSolution
		HideSolutionNode = FALSE
	EndGlobalSection
	GlobalSection(ExtensibilityGlobals) = postSolution
		SolutionGuid = {0A21BAFB-D043-42BE-8E80-60F5AEFDF39C}
	EndGlobalSection
EndGlobal
